
Microsoft Visual Studio Solution File, Format Version 12.00
# Visual Studio Version 17
VisualStudioVersion = 17.4.33103.184
MinimumVisualStudioVersion = 10.0.40219.1
Project("{FAE04EC0-301F-11D3-BF4B-00C04F79EFBC}") = "WiredBrainCoffee.CustomersApp", "WiredBrainCoffee.CustomersApp\WiredBrainCoffee.CustomersApp.csproj", "{BFF233BE-D73B-4122-92C2-BEAEEEEC4752}"
EndProject
Global
	GlobalSection(SolutionConfigurationPlatforms) = preSolution
		Debug|Any CPU = Debug|Any CPU
		Release|Any CPU = Release|Any CPU
	EndGlobalSection
	GlobalSection(ProjectConfigurationPlatforms) = postSolution
		{BFF233BE-D73B-4122-92C2-BEAEEEEC4752}.Debug|Any CPU.ActiveCfg = Debug|Any CPU
		{BFF233BE-D73B-4122-92C2-BEAEEEEC4752}.Debug|Any CPU.Build.0 = Debug|Any CPU
		{BFF233BE-D73B-4122-92C2-BEAEEEEC4752}.Release|Any CPU.ActiveCfg = Release|Any CPU
		{BFF233BE-D73B-4122-92C2-BEAEEEEC4752}.Release|Any CPU.Build.0 = Release|Any CPU
	EndGlobalSection
	GlobalSection(SolutionProperties) = preSolution
		HideSolutionNode = FALSE
	EndGlobalSection
	GlobalSection(ExtensibilityGlobals) = postSolution
		SolutionGuid = {3CE3B5C1-16B7-48E9-B21E-2EA66280A0CB}
	EndGlobalSection
EndGlobal
